// !$*UTF8*$!
{
	archiveVersion = 1;
	classes = {
	};
	objectVersion = 56;
	objects = {

/* Begin PBXBuildFile section */
		3B6560C12AB82F4B0045B1C9 /* AppDelegate.swift in Sources */ = {isa = PBXBuildFile; fileRef = 3B6560C02AB82F4B0045B1C9 /* AppDelegate.swift */; };
		3B6560C32AB82F4B0045B1C9 /* SceneDelegate.swift in Sources */ = {isa = PBXBuildFile; fileRef = 3B6560C22AB82F4B0045B1C9 /* SceneDelegate.swift */; };
		3B6560C52AB82F4B0045B1C9 /* ViewController.swift in Sources */ = {isa = PBXBuildFile; fileRef = 3B6560C42AB82F4B0045B1C9 /* ViewController.swift */; };
		3B6560C82AB82F4B0045B1C9 /* Main.storyboard in Resources */ = {isa = PBXBuildFile; fileRef = 3B6560C62AB82F4B0045B1C9 /* Main.storyboard */; };
		3B6560CA2AB82F4D0045B1C9 /* Assets.xcassets in Resources */ = {isa = PBXBuildFile; fileRef = 3B6560C92AB82F4D0045B1C9 /* Assets.xcassets */; };
		3B6560CD2AB82F4D0045B1C9 /* LaunchScreen.storyboard in Resources */ = {isa = PBXBuildFile; fileRef = 3B6560CB2AB82F4D0045B1C9 /* LaunchScreen.storyboard */; };
		3B6560D82AB82F4D0045B1C9 /* MapsLocationTests.swift in Sources */ = {isa = PBXBuildFile; fileRef = 3B6560D72AB82F4D0045B1C9 /* MapsLocationTests.swift */; };
		3B6560E22AB82F4D0045B1C9 /* MapsLocationUITests.swift in Sources */ = {isa = PBXBuildFile; fileRef = 3B6560E12AB82F4D0045B1C9 /* MapsLocationUITests.swift */; };
		3B6560E42AB82F4D0045B1C9 /* MapsLocationUITestsLaunchTests.swift in Sources */ = {isa = PBXBuildFile; fileRef = 3B6560E32AB82F4D0045B1C9 /* MapsLocationUITestsLaunchTests.swift */; };
/* End PBXBuildFile section */

/* Begin PBXContainerItemProxy section */
		3B6560D42AB82F4D0045B1C9 /* PBXContainerItemProxy */ = {
			isa = PBXContainerItemProxy;
			containerPortal = 3B6560B52AB82F4B0045B1C9 /* Project object */;
			proxyType = 1;
			remoteGlobalIDString = 3B6560BC2AB82F4B0045B1C9;
			remoteInfo = MapsLocation;
		};
		3B6560DE2AB82F4D0045B1C9 /* PBXContainerItemProxy */ = {
			isa = PBXContainerItemProxy;
			containerPortal = 3B6560B52AB82F4B0045B1C9 /* Project object */;
			proxyType = 1;
			remoteGlobalIDString = 3B6560BC2AB82F4B0045B1C9;
			remoteInfo = MapsLocation;
		};
/* End PBXContainerItemProxy section */

/* Begin PBXFileReference section */
		3B6560BD2AB82F4B0045B1C9 /* MapsLocation.app */ = {isa = PBXFileReference; explicitFileType = wrapper.application; includeInIndex = 0; path = MapsLocation.app; sourceTree = BUILT_PRODUCTS_DIR; };
		3B6560C02AB82F4B0045B1C9 /* AppDelegate.swift */ = {isa = PBXFileReference; lastKnownFileType = sourcecode.swift; path = AppDelegate.swift; sourceTree = "<group>"; };
		3B6560C22AB82F4B0045B1C9 /* SceneDelegate.swift */ = {isa = PBXFileReference; lastKnownFileType = sourcecode.swift; path = SceneDelegate.swift; sourceTree = "<group>"; };
		3B6560C42AB82F4B0045B1C9 /* ViewController.swift */ = {isa = PBXFileReference; lastKnownFileType = sourcecode.swift; path = ViewController.swift; sourceTree = "<group>"; };
		3B6560C72AB82F4B0045B1C9 /* Base */ = {isa = PBXFileReference; lastKnownFileType = file.storyboard; name = Base; path = Base.lproj/Main.storyboard; sourceTree = "<group>"; };
		3B6560C92AB82F4D0045B1C9 /* Assets.xcassets */ = {isa = PBXFileReference; lastKnownFileType = folder.assetcatalog; path = Assets.xcassets; sourceTree = "<group>"; };
		3B6560CC2AB82F4D0045B1C9 /* Base */ = {isa = PBXFileReference; lastKnownFileType = file.storyboard; name = Base; path = Base.lproj/LaunchScreen.storyboard; sourceTree = "<group>"; };
		3B6560CE2AB82F4D0045B1C9 /* Info.plist */ = {isa = PBXFileReference; lastKnownFileType = text.plist.xml; path = Info.plist; sourceTree = "<group>"; };
		3B6560D32AB82F4D0045B1C9 /* MapsLocationTests.xctest */ = {isa = PBXFileReference; explicitFileType = wrapper.cfbundle; includeInIndex = 0; path = MapsLocationTests.xctest; sourceTree = BUILT_PRODUCTS_DIR; };
		3B6560D72AB82F4D0045B1C9 /* MapsLocationTests.swift */ = {isa = PBXFileReference; lastKnownFileType = sourcecode.swift; path = MapsLocationTests.swift; sourceTree = "<group>"; };
		3B6560DD2AB82F4D0045B1C9 /* MapsLocationUITests.xctest */ = {isa = PBXFileReference; explicitFileType = wrapper.cfbundle; includeInIndex = 0; path = MapsLocationUITests.xctest; sourceTree = BUILT_PRODUCTS_DIR; };
		3B6560E12AB82F4D0045B1C9 /* MapsLocationUITests.swift */ = {isa = PBXFileReference; lastKnownFileType = sourcecode.swift; path = MapsLocationUITests.swift; sourceTree = "<group>"; };
		3B6560E32AB82F4D0045B1C9 /* MapsLocationUITestsLaunchTests.swift */ = {isa = PBXFileReference; lastKnownFileType = sourcecode.swift; path = MapsLocationUITestsLaunchTests.swift; sourceTree = "<group>"; };
/* End PBXFileReference section */

/* Begin PBXFrameworksBuildPhase section */
		3B6560BA2AB82F4B0045B1C9 /* Frameworks */ = {
			isa = PBXFrameworksBuildPhase;
			buildActionMask = 2147483647;
			files = (
			);
			runOnlyForDeploymentPostprocessing = 0;
		};
		3B6560D02AB82F4D0045B1C9 /* Frameworks */ = {
			isa = PBXFrameworksBuildPhase;
			buildActionMask = 2147483647;
			files = (
			);
			runOnlyForDeploymentPostprocessing = 0;
		};
		3B6560DA2AB82F4D0045B1C9 /* Frameworks */ = {
			isa = PBXFrameworksBuildPhase;
			buildActionMask = 2147483647;
			files = (
			);
			runOnlyForDeploymentPostprocessing = 0;
		};
/* End PBXFrameworksBuildPhase section */

/* Begin PBXGroup section */
		3B6560B42AB82F4B0045B1C9 = {
			isa = PBXGroup;
			children = (
				3B6560BF2AB82F4B0045B1C9 /* MapsLocation */,
				3B6560D62AB82F4D0045B1C9 /* MapsLocationTests */,
				3B6560E02AB82F4D0045B1C9 /* MapsLocationUITests */,
				3B6560BE2AB82F4B0045B1C9 /* Products */,
			);
			sourceTree = "<group>";
		};
		3B6560BE2AB82F4B0045B1C9 /* Products */ = {
			isa = PBXGroup;
			children = (
				3B6560BD2AB82F4B0045B1C9 /* MapsLocation.app */,
				3B6560D32AB82F4D0045B1C9 /* MapsLocationTests.xctest */,
				3B6560DD2AB82F4D0045B1C9 /* MapsLocationUITests.xctest */,
			);
			name = Products;
			sourceTree = "<group>";
		};
		3B6560BF2AB82F4B0045B1C9 /* MapsLocation */ = {
			isa = PBXGroup;
			children = (
				3B6560C02AB82F4B0045B1C9 /* AppDelegate.swift */,
				3B6560C22AB82F4B0045B1C9 /* SceneDelegate.swift */,
				3B6560C42AB82F4B0045B1C9 /* ViewController.swift */,
				3B6560C62AB82F4B0045B1C9 /* Main.storyboard */,
				3B6560C92AB82F4D0045B1C9 /* Assets.xcassets */,
				3B6560CB2AB82F4D0045B1C9 /* LaunchScreen.storyboard */,
				3B6560CE2AB82F4D0045B1C9 /* Info.plist */,
			);
			path = MapsLocation;
			sourceTree = "<group>";
		};
		3B6560D62AB82F4D0045B1C9 /* MapsLocationTests */ = {
			isa = PBXGroup;
			children = (
				3B6560D72AB82F4D0045B1C9 /* MapsLocationTests.swift */,
			);
			path = MapsLocationTests;
			sourceTree = "<group>";
		};
		3B6560E02AB82F4D0045B1C9 /* MapsLocationUITests */ = {
			isa = PBXGroup;
			children = (
				3B6560E12AB82F4D0045B1C9 /* MapsLocationUITests.swift */,
				3B6560E32AB82F4D0045B1C9 /* MapsLocationUITestsLaunchTests.swift */,
			);
			path = MapsLocationUITests;
			sourceTree = "<group>";
		};
/* End PBXGroup section */

/* Begin PBXNativeTarget section */
		3B6560BC2AB82F4B0045B1C9 /* MapsLocation */ = {
			isa = PBXNativeTarget;
			buildConfigurationList = 3B6560E72AB82F4D0045B1C9 /* Build configuration list for PBXNativeTarget "MapsLocation" */;
			buildPhases = (
				3B6560B92AB82F4B0045B1C9 /* Sources */,
				3B6560BA2AB82F4B0045B1C9 /* Frameworks */,
				3B6560BB2AB82F4B0045B1C9 /* Resources */,
			);
			buildRules = (
			);
			dependencies = (
			);
			name = MapsLocation;
			productName = MapsLocation;
			productReference = 3B6560BD2AB82F4B0045B1C9 /* MapsLocation.app */;
			productType = "com.apple.product-type.application";
		};
		3B6560D22AB82F4D0045B1C9 /* MapsLocationTests */ = {
			isa = PBXNativeTarget;
			buildConfigurationList = 3B6560EA2AB82F4D0045B1C9 /* Build configuration list for PBXNativeTarget "MapsLocationTests" */;
			buildPhases = (
				3B6560CF2AB82F4D0045B1C9 /* Sources */,
				3B6560D02AB82F4D0045B1C9 /* Frameworks */,
				3B6560D12AB82F4D0045B1C9 /* Resources */,
			);
			buildRules = (
			);
			dependencies = (
				3B6560D52AB82F4D0045B1C9 /* PBXTargetDependency */,
			);
			name = MapsLocationTests;
			productName = MapsLocationTests;
			productReference = 3B6560D32AB82F4D0045B1C9 /* MapsLocationTests.xctest */;
			productType = "com.apple.product-type.bundle.unit-test";
		};
		3B6560DC2AB82F4D0045B1C9 /* MapsLocationUITests */ = {
			isa = PBXNativeTarget;
			buildConfigurationList = 3B6560ED2AB82F4D0045B1C9 /* Build configuration list for PBXNativeTarget "MapsLocationUITests" */;
			buildPhases = (
				3B6560D92AB82F4D0045B1C9 /* Sources */,
				3B6560DA2AB82F4D0045B1C9 /* Frameworks */,
				3B6560DB2AB82F4D0045B1C9 /* Resources */,
			);
			buildRules = (
			);
			dependencies = (
				3B6560DF2AB82F4D0045B1C9 /* PBXTargetDependency */,
			);
			name = MapsLocationUITests;
			productName = MapsLocationUITests;
			productReference = 3B6560DD2AB82F4D0045B1C9 /* MapsLocationUITests.xctest */;
			productType = "com.apple.product-type.bundle.ui-testing";
		};
/* End PBXNativeTarget section */

/* Begin PBXProject section */
		3B6560B52AB82F4B0045B1C9 /* Project object */ = {
			isa = PBXProject;
			attributes = {
				BuildIndependentTargetsInParallel = 1;
				LastSwiftUpdateCheck = 1430;
				LastUpgradeCheck = 1430;
				TargetAttributes = {
					3B6560BC2AB82F4B0045B1C9 = {
						CreatedOnToolsVersion = 14.3.1;
					};
					3B6560D22AB82F4D0045B1C9 = {
						CreatedOnToolsVersion = 14.3.1;
						TestTargetID = 3B6560BC2AB82F4B0045B1C9;
					};
					3B6560DC2AB82F4D0045B1C9 = {
						CreatedOnToolsVersion = 14.3.1;
						TestTargetID = 3B6560BC2AB82F4B0045B1C9;
					};
				};
			};
			buildConfigurationList = 3B6560B82AB82F4B0045B1C9 /* Build configuration list for PBXProject "MapsLocation" */;
			compatibilityVersion = "Xcode 14.0";
			developmentRegion = en;
			hasScannedForEncodings = 0;
			knownRegions = (
				en,
				Base,
			);
			mainGroup = 3B6560B42AB82F4B0045B1C9;
			productRefGroup = 3B6560BE2AB82F4B0045B1C9 /* Products */;
			projectDirPath = "";
			projectRoot = "";
			targets = (
				3B6560BC2AB82F4B0045B1C9 /* MapsLocation */,
				3B6560D22AB82F4D0045B1C9 /* MapsLocationTests */,
				3B6560DC2AB82F4D0045B1C9 /* MapsLocationUITests */,
			);
		};
/* End PBXProject section */

/* Begin PBXResourcesBuildPhase section */
		3B6560BB2AB82F4B0045B1C9 /* Resources */ = {
			isa = PBXResourcesBuildPhase;
			buildActionMask = 2147483647;
			files = (
				3B6560CD2AB82F4D0045B1C9 /* LaunchScreen.storyboard in Resources */,
				3B6560CA2AB82F4D0045B1C9 /* Assets.xcassets in Resources */,
				3B6560C82AB82F4B0045B1C9 /* Main.storyboard in Resources */,
			);
			runOnlyForDeploymentPostprocessing = 0;
		};
		3B6560D12AB82F4D0045B1C9 /* Resources */ = {
			isa = PBXResourcesBuildPhase;
			buildActionMask = 2147483647;
			files = (
			);
			runOnlyForDeploymentPostprocessing = 0;
		};
		3B6560DB2AB82F4D0045B1C9 /* Resources */ = {
			isa = PBXResourcesBuildPhase;
			buildActionMask = 2147483647;
			files = (
			);
			runOnlyForDeploymentPostprocessing = 0;
		};
/* End PBXResourcesBuildPhase section */

/* Begin PBXSourcesBuildPhase section */
		3B6560B92AB82F4B0045B1C9 /* Sources */ = {
			isa = PBXSourcesBuildPhase;
			buildActionMask = 2147483647;
			files = (
				3B6560C52AB82F4B0045B1C9 /* ViewController.swift in Sources */,
				3B6560C12AB82F4B0045B1C9 /* AppDelegate.swift in Sources */,
				3B6560C32AB82F4B0045B1C9 /* SceneDelegate.swift in Sources */,
			);
			runOnlyForDeploymentPostprocessing = 0;
		};
		3B6560CF2AB82F4D0045B1C9 /* Sources */ = {
			isa = PBXSourcesBuildPhase;
			buildActionMask = 2147483647;
			files = (
				3B6560D82AB82F4D0045B1C9 /* MapsLocationTests.swift in Sources */,
			);
			runOnlyForDeploymentPostprocessing = 0;
		};
		3B6560D92AB82F4D0045B1C9 /* Sources */ = {
			isa = PBXSourcesBuildPhase;
			buildActionMask = 2147483647;
			files = (
				3B6560E42AB82F4D0045B1C9 /* MapsLocationUITestsLaunchTests.swift in Sources */,
				3B6560E22AB82F4D0045B1C9 /* MapsLocationUITests.swift in Sources */,
			);
			runOnlyForDeploymentPostprocessing = 0;
		};
/* End PBXSourcesBuildPhase section */

/* Begin PBXTargetDependency section */
		3B6560D52AB82F4D0045B1C9 /* PBXTargetDependency */ = {
			isa = PBXTargetDependency;
			target = 3B6560BC2AB82F4B0045B1C9 /* MapsLocation */;
			targetProxy = 3B6560D42AB82F4D0045B1C9 /* PBXContainerItemProxy */;
		};
		3B6560DF2AB82F4D0045B1C9 /* PBXTargetDependency */ = {
			isa = PBXTargetDependency;
			target = 3B6560BC2AB82F4B0045B1C9 /* MapsLocation */;
			targetProxy = 3B6560DE2AB82F4D0045B1C9 /* PBXContainerItemProxy */;
		};
/* End PBXTargetDependency section */

/* Begin PBXVariantGroup section */
		3B6560C62AB82F4B0045B1C9 /* Main.storyboard */ = {
			isa = PBXVariantGroup;
			children = (
				3B6560C72AB82F4B0045B1C9 /* Base */,
			);
			name = Main.storyboard;
			sourceTree = "<group>";
		};
		3B6560CB2AB82F4D0045B1C9 /* LaunchScreen.storyboard */ = {
			isa = PBXVariantGroup;
			children = (
				3B6560CC2AB82F4D0045B1C9 /* Base */,
			);
			name = LaunchScreen.storyboard;
			sourceTree = "<group>";
		};
/* End PBXVariantGroup section */

/* Begin XCBuildConfiguration section */
		3B6560E52AB82F4D0045B1C9 /* Debug */ = {
			isa = XCBuildConfiguration;
			buildSettings = {
				ALWAYS_SEARCH_USER_PATHS = NO;
				CLANG_ANALYZER_NONNULL = YES;
				CLANG_ANALYZER_NUMBER_OBJECT_CONVERSION = YES_AGGRESSIVE;
				CLANG_CXX_LANGUAGE_STANDARD = "gnu++20";
				CLANG_ENABLE_MODULES = YES;
				CLANG_ENABLE_OBJC_ARC = YES;
				CLANG_ENABLE_OBJC_WEAK = YES;
				CLANG_WARN_BLOCK_CAPTURE_AUTORELEASING = YES;
				CLANG_WARN_BOOL_CONVERSION = YES;
				CLANG_WARN_COMMA = YES;
				CLANG_WARN_CONSTANT_CONVERSION = YES;
				CLANG_WARN_DEPRECATED_OBJC_IMPLEMENTATIONS = YES;
				CLANG_WARN_DIRECT_OBJC_ISA_USAGE = YES_ERROR;
				CLANG_WARN_DOCUMENTATION_COMMENTS = YES;
				CLANG_WARN_EMPTY_BODY = YES;
				CLANG_WARN_ENUM_CONVERSION = YES;
				CLANG_WARN_INFINITE_RECURSION = YES;
				CLANG_WARN_INT_CONVERSION = YES;
				CLANG_WARN_NON_LITERAL_NULL_CONVERSION = YES;
				CLANG_WARN_OBJC_IMPLICIT_RETAIN_SELF = YES;
				CLANG_WARN_OBJC_LITERAL_CONVERSION = YES;
				CLANG_WARN_OBJC_ROOT_CLASS = YES_ERROR;
				CLANG_WARN_QUOTED_INCLUDE_IN_FRAMEWORK_HEADER = YES;
				CLANG_WARN_RANGE_LOOP_ANALYSIS = YES;
				CLANG_WARN_STRICT_PROTOTYPES = YES;
				CLANG_WARN_SUSPICIOUS_MOVE = YES;
				CLANG_WARN_UNGUARDED_AVAILABILITY = YES_AGGRESSIVE;
				CLANG_WARN_UNREACHABLE_CODE = YES;
				CLANG_WARN__DUPLICATE_METHOD_MATCH = YES;
				COPY_PHASE_STRIP = NO;
				DEBUG_INFORMATION_FORMAT = dwarf;
				ENABLE_STRICT_OBJC_MSGSEND = YES;
				ENABLE_TESTABILITY = YES;
				GCC_C_LANGUAGE_STANDARD = gnu11;
				GCC_DYNAMIC_NO_PIC = NO;
				GCC_NO_COMMON_BLOCKS = YES;
				GCC_OPTIMIZATION_LEVEL = 0;
				GCC_PREPROCESSOR_DEFINITIONS = (
					"DEBUG=1",
					"$(inherited)",
				);
				GCC_WARN_64_TO_32_BIT_CONVERSION = YES;
				GCC_WARN_ABOUT_RETURN_TYPE = YES_ERROR;
				GCC_WARN_UNDECLARED_SELECTOR = YES;
				GCC_WARN_UNINITIALIZED_AUTOS = YES_AGGRESSIVE;
				GCC_WARN_UNUSED_FUNCTION = YES;
				GCC_WARN_UNUSED_VARIABLE = YES;
				IPHONEOS_DEPLOYMENT_TARGET = 16.4;
				MTL_ENABLE_DEBUG_INFO = INCLUDE_SOURCE;
				MTL_FAST_MATH = YES;
				ONLY_ACTIVE_ARCH = YES;
				SDKROOT = iphoneos;
				SWIFT_ACTIVE_COMPILATION_CONDITIONS = DEBUG;
				SWIFT_OPTIMIZATION_LEVEL = "-Onone";
			};
			name = Debug;
		};
		3B6560E62AB82F4D0045B1C9 /* Release */ = {
			isa = XCBuildConfiguration;
			buildSettings = {
				ALWAYS_SEARCH_USER_PATHS = NO;
				CLANG_ANALYZER_NONNULL = YES;
				CLANG_ANALYZER_NUMBER_OBJECT_CONVERSION = YES_AGGRESSIVE;
				CLANG_CXX_LANGUAGE_STANDARD = "gnu++20";
				CLANG_ENABLE_MODULES = YES;
				CLANG_ENABLE_OBJC_ARC = YES;
				CLANG_ENABLE_OBJC_WEAK = YES;
				CLANG_WARN_BLOCK_CAPTURE_AUTORELEASING = YES;
				CLANG_WARN_BOOL_CONVERSION = YES;
				CLANG_WARN_COMMA = YES;
				CLANG_WARN_CONSTANT_CONVERSION = YES;
				CLANG_WARN_DEPRECATED_OBJC_IMPLEMENTATIONS = YES;
				CLANG_WARN_DIRECT_OBJC_ISA_USAGE = YES_ERROR;
				CLANG_WARN_DOCUMENTATION_COMMENTS = YES;
				CLANG_WARN_EMPTY_BODY = YES;
				CLANG_WARN_ENUM_CONVERSION = YES;
				CLANG_WARN_INFINITE_RECURSION = YES;
				CLANG_WARN_INT_CONVERSION = YES;
				CLANG_WARN_NON_LITERAL_NULL_CONVERSION = YES;
				CLANG_WARN_OBJC_IMPLICIT_RETAIN_SELF = YES;
				CLANG_WARN_OBJC_LITERAL_CONVERSION = YES;
				CLANG_WARN_OBJC_ROOT_CLASS = YES_ERROR;
				CLANG_WARN_QUOTED_INCLUDE_IN_FRAMEWORK_HEADER = YES;
				CLANG_WARN_RANGE_LOOP_ANALYSIS = YES;
				CLANG_WARN_STRICT_PROTOTYPES = YES;
				CLANG_WARN_SUSPICIOUS_MOVE = YES;
				CLANG_WARN_UNGUARDED_AVAILABILITY = YES_AGGRESSIVE;
				CLANG_WARN_UNREACHABLE_CODE = YES;
				CLANG_WARN__DUPLICATE_METHOD_MATCH = YES;
				COPY_PHASE_STRIP = NO;
				DEBUG_INFORMATION_FORMAT = "dwarf-with-dsym";
				ENABLE_NS_ASSERTIONS = NO;
				ENABLE_STRICT_OBJC_MSGSEND = YES;
				GCC_C_LANGUAGE_STANDARD = gnu11;
				GCC_NO_COMMON_BLOCKS = YES;
				GCC_WARN_64_TO_32_BIT_CONVERSION = YES;
				GCC_WARN_ABOUT_RETURN_TYPE = YES_ERROR;
				GCC_WARN_UNDECLARED_SELECTOR = YES;
				GCC_WARN_UNINITIALIZED_AUTOS = YES_AGGRESSIVE;
				GCC_WARN_UNUSED_FUNCTION = YES;
				GCC_WARN_UNUSED_VARIABLE = YES;
				IPHONEOS_DEPLOYMENT_TARGET = 16.4;
				MTL_ENABLE_DEBUG_INFO = NO;
				MTL_FAST_MATH = YES;
				SDKROOT = iphoneos;
				SWIFT_COMPILATION_MODE = wholemodule;
				SWIFT_OPTIMIZATION_LEVEL = "-O";
				VALIDATE_PRODUCT = YES;
			};
			name = Release;
		};
		3B6560E82AB82F4D0045B1C9 /* Debug */ = {
			isa = XCBuildConfiguration;
			buildSettings = {
				ASSETCATALOG_COMPILER_APPICON_NAME = AppIcon;
				ASSETCATALOG_COMPILER_GLOBAL_ACCENT_COLOR_NAME = AccentColor;
				CODE_SIGN_STYLE = Automatic;
				CURRENT_PROJECT_VERSION = 1;
				DEVELOPMENT_TEAM = T46F5AK653;
				GENERATE_INFOPLIST_FILE = YES;
				INFOPLIST_FILE = MapsLocation/Info.plist;
				INFOPLIST_KEY_UIApplicationSupportsIndirectInputEvents = YES;
				INFOPLIST_KEY_UILaunchStoryboardName = LaunchScreen;
				INFOPLIST_KEY_UIMainStoryboardFile = Main;
				INFOPLIST_KEY_UISupportedInterfaceOrientations_iPad = "UIInterfaceOrientationPortrait UIInterfaceOrientationPortraitUpsideDown UIInterfaceOrientationLandscapeLeft UIInterfaceOrientationLandscapeRight";
				INFOPLIST_KEY_UISupportedInterfaceOrientations_iPhone = "UIInterfaceOrientationPortrait UIInterfaceOrientationLandscapeLeft UIInterfaceOrientationLandscapeRight";
				LD_RUNPATH_SEARCH_PATHS = (
					"$(inherited)",
					"@executable_path/Frameworks",
				);
				MARKETING_VERSION = 1.0;
				PRODUCT_BUNDLE_IDENTIFIER = UIKitTeste.MapsLocation;
				PRODUCT_NAME = "$(TARGET_NAME)";
				SWIFT_EMIT_LOC_STRINGS = YES;
				SWIFT_VERSION = 5.0;
				TARGETED_DEVICE_FAMILY = "1,2";
			};
			name = Debug;
		};
		3B6560E92AB82F4D0045B1C9 /* Release */ = {
			isa = XCBuildConfiguration;
			buildSettings = {
				ASSETCATALOG_COMPILER_APPICON_NAME = AppIcon;
				ASSETCATALOG_COMPILER_GLOBAL_ACCENT_COLOR_NAME = AccentColor;
				CODE_SIGN_STYLE = Automatic;
				CURRENT_PROJECT_VERSION = 1;
				DEVELOPMENT_TEAM = T46F5AK653;
				GENERATE_INFOPLIST_FILE = YES;
				INFOPLIST_FILE = MapsLocation/Info.plist;
				INFOPLIST_KEY_UIApplicationSupportsIndirectInputEvents = YES;
				INFOPLIST_KEY_UILaunchStoryboardName = LaunchScreen;
				INFOPLIST_KEY_UIMainStoryboardFile = Main;
				INFOPLIST_KEY_UISupportedInterfaceOrientations_iPad = "UIInterfaceOrientationPortrait UIInterfaceOrientationPortraitUpsideDown UIInterfaceOrientationLandscapeLeft UIInterfaceOrientationLandscapeRight";
				INFOPLIST_KEY_UISupportedInterfaceOrientations_iPhone = "UIInterfaceOrientationPortrait UIInterfaceOrientationLandscapeLeft UIInterfaceOrientationLandscapeRight";
				LD_RUNPATH_SEARCH_PATHS = (
					"$(inherited)",
					"@executable_path/Frameworks",
				);
				MARKETING_VERSION = 1.0;
				PRODUCT_BUNDLE_IDENTIFIER = UIKitTeste.MapsLocation;
				PRODUCT_NAME = "$(TARGET_NAME)";
				SWIFT_EMIT_LOC_STRINGS = YES;
				SWIFT_VERSION = 5.0;
				TARGETED_DEVICE_FAMILY = "1,2";
			};
			name = Release;
		};
		3B6560EB2AB82F4D0045B1C9 /* Debug */ = {
			isa = XCBuildConfiguration;
			buildSettings = {
				ALWAYS_EMBED_SWIFT_STANDARD_LIBRARIES = YES;
				BUNDLE_LOADER = "$(TEST_HOST)";
				CODE_SIGN_STYLE = Automatic;
				CURRENT_PROJECT_VERSION = 1;
				DEVELOPMENT_TEAM = T46F5AK653;
				GENERATE_INFOPLIST_FILE = YES;
				IPHONEOS_DEPLOYMENT_TARGET = 16.4;
				MARKETING_VERSION = 1.0;
				PRODUCT_BUNDLE_IDENTIFIER = UIKitTeste.MapsLocationTests;
				PRODUCT_NAME = "$(TARGET_NAME)";
				SWIFT_EMIT_LOC_STRINGS = NO;
				SWIFT_VERSION = 5.0;
				TARGETED_DEVICE_FAMILY = "1,2";
				TEST_HOST = "$(BUILT_PRODUCTS_DIR)/MapsLocation.app/$(BUNDLE_EXECUTABLE_FOLDER_PATH)/MapsLocation";
			};
			name = Debug;
		};
		3B6560EC2AB82F4D0045B1C9 /* Release */ = {
			isa = XCBuildConfiguration;
			buildSettings = {
				ALWAYS_EMBED_SWIFT_STANDARD_LIBRARIES = YES;
				BUNDLE_LOADER = "$(TEST_HOST)";
				CODE_SIGN_STYLE = Automatic;
				CURRENT_PROJECT_VERSION = 1;
				DEVELOPMENT_TEAM = T46F5AK653;
				GENERATE_INFOPLIST_FILE = YES;
				IPHONEOS_DEPLOYMENT_TARGET = 16.4;
				MARKETING_VERSION = 1.0;
				PRODUCT_BUNDLE_IDENTIFIER = UIKitTeste.MapsLocationTests;
				PRODUCT_NAME = "$(TARGET_NAME)";
				SWIFT_EMIT_LOC_STRINGS = NO;
				SWIFT_VERSION = 5.0;
				TARGETED_DEVICE_FAMILY = "1,2";
				TEST_HOST = "$(BUILT_PRODUCTS_DIR)/MapsLocation.app/$(BUNDLE_EXECUTABLE_FOLDER_PATH)/MapsLocation";
			};
			name = Release;
		};
		3B6560EE2AB82F4D0045B1C9 /* Debug */ = {
			isa = XCBuildConfiguration;
			buildSettings = {
				ALWAYS_EMBED_SWIFT_STANDARD_LIBRARIES = YES;
				CODE_SIGN_STYLE = Automatic;
				CURRENT_PROJECT_VERSION = 1;
				DEVELOPMENT_TEAM = T46F5AK653;
				GENERATE_INFOPLIST_FILE = YES;
				MARKETING_VERSION = 1.0;
				PRODUCT_BUNDLE_IDENTIFIER = UIKitTeste.MapsLocationUITests;
				PRODUCT_NAME = "$(TARGET_NAME)";
				SWIFT_EMIT_LOC_STRINGS = NO;
				SWIFT_VERSION = 5.0;
				TARGETED_DEVICE_FAMILY = "1,2";
				TEST_TARGET_NAME = MapsLocation;
			};
			name = Debug;
		};
		3B6560EF2AB82F4D0045B1C9 /* Release */ = {
			isa = XCBuildConfiguration;
			buildSettings = {
				ALWAYS_EMBED_SWIFT_STANDARD_LIBRARIES = YES;
				CODE_SIGN_STYLE = Automatic;
				CURRENT_PROJECT_VERSION = 1;
				DEVELOPMENT_TEAM = T46F5AK653;
				GENERATE_INFOPLIST_FILE = YES;
				MARKETING_VERSION = 1.0;
				PRODUCT_BUNDLE_IDENTIFIER = UIKitTeste.MapsLocationUITests;
				PRODUCT_NAME = "$(TARGET_NAME)";
				SWIFT_EMIT_LOC_STRINGS = NO;
				SWIFT_VERSION = 5.0;
				TARGETED_DEVICE_FAMILY = "1,2";
				TEST_TARGET_NAME = MapsLocation;
			};
			name = Release;
		};
/* End XCBuildConfiguration section */

/* Begin XCConfigurationList section */
		3B6560B82AB82F4B0045B1C9 /* Build configuration list for PBXProject "MapsLocation" */ = {
			isa = XCConfigurationList;
			buildConfigurations = (
				3B6560E52AB82F4D0045B1C9 /* Debug */,
				3B6560E62AB82F4D0045B1C9 /* Release */,
			);
			defaultConfigurationIsVisible = 0;
			defaultConfigurationName = Release;
		};
		3B6560E72AB82F4D0045B1C9 /* Build configuration list for PBXNativeTarget "MapsLocation" */ = {
			isa = XCConfigurationList;
			buildConfigurations = (
				3B6560E82AB82F4D0045B1C9 /* Debug */,
				3B6560E92AB82F4D0045B1C9 /* Release */,
			);
			defaultConfigurationIsVisible = 0;
			defaultConfigurationName = Release;
		};
		3B6560EA2AB82F4D0045B1C9 /* Build configuration list for PBXNativeTarget "MapsLocationTests" */ = {
			isa = XCConfigurationList;
			buildConfigurations = (
				3B6560EB2AB82F4D0045B1C9 /* Debug */,
				3B6560EC2AB82F4D0045B1C9 /* Release */,
			);
			defaultConfigurationIsVisible = 0;
			defaultConfigurationName = Release;
		};
		3B6560ED2AB82F4D0045B1C9 /* Build configuration list for PBXNativeTarget "MapsLocationUITests" */ = {
			isa = XCConfigurationList;
			buildConfigurations = (
				3B6560EE2AB82F4D0045B1C9 /* Debug */,
				3B6560EF2AB82F4D0045B1C9 /* Release */,
			);
			defaultConfigurationIsVisible = 0;
			defaultConfigurationName = Release;
		};
/* End XCConfigurationList section */
	};
	rootObject = 3B6560B52AB82F4B0045B1C9 /* Project object */;
}
